
Microsoft Visual Studio Solution File, Format Version 12.00
# Visual Studio Version 16
VisualStudioVersion = 16.0.31105.61
MinimumVisualStudioVersion = 10.0.40219.1
Project("{FAE04EC0-301F-11D3-BF4B-00C04F79EFBC}") = "CofFeeShop", "CofFeeShop.csproj", "{5D088F17-0470-43D6-B7E8-8D504277C46E}"
EndProject
Global
	GlobalSection(SolutionConfigurationPlatforms) = preSolution
		Debug|Any CPU = Debug|Any CPU
		Release|Any CPU = Release|Any CPU
	EndGlobalSection
	GlobalSection(ProjectConfigurationPlatforms) = postSolution
		{5D088F17-0470-43D6-B7E8-8D504277C46E}.Debug|Any CPU.ActiveCfg = Debug|Any CPU
		{5D088F17-0470-43D6-B7E8-8D504277C46E}.Debug|Any CPU.Build.0 = Debug|Any CPU
		{5D088F17-0470-43D6-B7E8-8D504277C46E}.Release|Any CPU.ActiveCfg = Release|Any CPU
		{5D088F17-0470-43D6-B7E8-8D504277C46E}.Release|Any CPU.Build.0 = Release|Any CPU
	EndGlobalSection
	GlobalSection(SolutionProperties) = preSolution
		HideSolutionNode = FALSE
	EndGlobalSection
	GlobalSection(ExtensibilityGlobals) = postSolution
		SolutionGuid = {5D32C6C2-35CF-4C12-9247-920F384665B3}
	EndGlobalSection
EndGlobal
